
Microsoft Visual Studio Solution File, Format Version 12.00
# Visual Studio Version 17
VisualStudioVersion = 17.11.35312.102
MinimumVisualStudioVersion = 10.0.40219.1
Project("{FAE04EC0-301F-11D3-BF4B-00C04F79EFBC}") = "Devoteam-Robot", "Devoteam-Robot.csproj", "{4A00ADB5-E53B-450E-B300-C1B53C691C05}"
EndProject
Global
	GlobalSection(SolutionConfigurationPlatforms) = preSolution
		Debug|Any CPU = Debug|Any CPU
		Release|Any CPU = Release|Any CPU
	EndGlobalSection
	GlobalSection(ProjectConfigurationPlatforms) = postSolution
		{4A00ADB5-E53B-450E-B300-C1B53C691C05}.Debug|Any CPU.ActiveCfg = Debug|Any CPU
		{4A00ADB5-E53B-450E-B300-C1B53C691C05}.Debug|Any CPU.Build.0 = Debug|Any CPU
		{4A00ADB5-E53B-450E-B300-C1B53C691C05}.Release|Any CPU.ActiveCfg = Release|Any CPU
		{4A00ADB5-E53B-450E-B300-C1B53C691C05}.Release|Any CPU.Build.0 = Release|Any CPU
	EndGlobalSection
	GlobalSection(SolutionProperties) = preSolution
		HideSolutionNode = FALSE
	EndGlobalSection
	GlobalSection(ExtensibilityGlobals) = postSolution
		SolutionGuid = {FBF647A6-9811-4848-B952-E8B834B23029}
	EndGlobalSection
EndGlobal
